// !$*UTF8*$!
{
	archiveVersion = 1;
	classes = {
	};
	objectVersion = 56;
	objects = {

/* Begin PBXBuildFile section */
		CA7E90F628E6EF6500149D23 /* AppDelegate.swift in Sources */ = {isa = PBXBuildFile; fileRef = CA7E90F528E6EF6500149D23 /* AppDelegate.swift */; };
		CA7E90FF28E6EF6600149D23 /* Assets.xcassets in Resources */ = {isa = PBXBuildFile; fileRef = CA7E90FE28E6EF6600149D23 /* Assets.xcassets */; };
		CA7E910228E6EF6600149D23 /* LaunchScreen.storyboard in Resources */ = {isa = PBXBuildFile; fileRef = CA7E910028E6EF6600149D23 /* LaunchScreen.storyboard */; };
		CA7E911028E6F07000149D23 /* HomeVC.swift in Sources */ = {isa = PBXBuildFile; fileRef = CA7E910E28E6F07000149D23 /* HomeVC.swift */; };
		CA7E911128E6F07000149D23 /* HomeVC.xib in Resources */ = {isa = PBXBuildFile; fileRef = CA7E910F28E6F07000149D23 /* HomeVC.xib */; };
		CA7E911428E6F48C00149D23 /* Screen1.swift in Sources */ = {isa = PBXBuildFile; fileRef = CA7E911228E6F48C00149D23 /* Screen1.swift */; };
		CA7E911528E6F48C00149D23 /* Screen1.xib in Resources */ = {isa = PBXBuildFile; fileRef = CA7E911328E6F48C00149D23 /* Screen1.xib */; };
		CA7E915328E6F81F00149D23 /* Gilroy-Black.ttf in Resources */ = {isa = PBXBuildFile; fileRef = CA7E911A28E6F80500149D23 /* Gilroy-Black.ttf */; };
		CA7E916128E6F81F00149D23 /* Gilroy-Semibold.ttf in Resources */ = {isa = PBXBuildFile; fileRef = CA7E912828E6F80B00149D23 /* Gilroy-Semibold.ttf */; };
		CA7E916428E6F81F00149D23 /* Gilroy-RegularItalic.ttf in Resources */ = {isa = PBXBuildFile; fileRef = CA7E912B28E6F80D00149D23 /* Gilroy-RegularItalic.ttf */; };
		CA7E916928E6F81F00149D23 /* Gilroy-Medium.ttf in Resources */ = {isa = PBXBuildFile; fileRef = CA7E913028E6F80F00149D23 /* Gilroy-Medium.ttf */; };
		CA7E916D28E6F81F00149D23 /* Gilroy-LightItalic.ttf in Resources */ = {isa = PBXBuildFile; fileRef = CA7E913428E6F81100149D23 /* Gilroy-LightItalic.ttf */; };
		CA7E917128E6F81F00149D23 /* Gilroy-MediumItalic.ttf in Resources */ = {isa = PBXBuildFile; fileRef = CA7E913828E6F81300149D23 /* Gilroy-MediumItalic.ttf */; };
		CA7E917528E6F81F00149D23 /* Gilroy-BoldItalic.ttf in Resources */ = {isa = PBXBuildFile; fileRef = CA7E913C28E6F81500149D23 /* Gilroy-BoldItalic.ttf */; };
		CA7E917628E6F81F00149D23 /* Gilroy-BlackItalic.ttf in Resources */ = {isa = PBXBuildFile; fileRef = CA7E913D28E6F81500149D23 /* Gilroy-BlackItalic.ttf */; };
		CA7E917A28E6F81F00149D23 /* Gilroy-Bold.ttf in Resources */ = {isa = PBXBuildFile; fileRef = CA7E914128E6F81700149D23 /* Gilroy-Bold.ttf */; };
		CA7E918128E6F81F00149D23 /* Gilroy-Light.ttf in Resources */ = {isa = PBXBuildFile; fileRef = CA7E914828E6F81B00149D23 /* Gilroy-Light.ttf */; };
		CA7E918328E6F81F00149D23 /* Gilroy-Regular.ttf in Resources */ = {isa = PBXBuildFile; fileRef = CA7E914A28E6F81C00149D23 /* Gilroy-Regular.ttf */; };
		CA7E918728E6F81F00149D23 /* Gilroy-SemiboldItalic.ttf in Resources */ = {isa = PBXBuildFile; fileRef = CA7E914E28E6F81E00149D23 /* Gilroy-SemiboldItalic.ttf */; };
		CA7E918D28E7016B00149D23 /* Screen2.swift in Sources */ = {isa = PBXBuildFile; fileRef = CA7E918B28E7016B00149D23 /* Screen2.swift */; };
		CA7E918E28E7016B00149D23 /* Screen2.xib in Resources */ = {isa = PBXBuildFile; fileRef = CA7E918C28E7016B00149D23 /* Screen2.xib */; };
		CA7E919128E703A200149D23 /* Screen3.swift in Sources */ = {isa = PBXBuildFile; fileRef = CA7E918F28E703A200149D23 /* Screen3.swift */; };
		CA7E919228E703A200149D23 /* Screen3.xib in Resources */ = {isa = PBXBuildFile; fileRef = CA7E919028E703A200149D23 /* Screen3.xib */; };
		CA7E919528E709F400149D23 /* Screen4.swift in Sources */ = {isa = PBXBuildFile; fileRef = CA7E919328E709F400149D23 /* Screen4.swift */; };
		CA7E919628E709F400149D23 /* Screen4.xib in Resources */ = {isa = PBXBuildFile; fileRef = CA7E919428E709F400149D23 /* Screen4.xib */; };
/* End PBXBuildFile section */

/* Begin PBXFileReference section */
		CA7E90F228E6EF6500149D23 /* MMEHolding.app */ = {isa = PBXFileReference; explicitFileType = wrapper.application; includeInIndex = 0; path = MMEHolding.app; sourceTree = BUILT_PRODUCTS_DIR; };
		CA7E90F528E6EF6500149D23 /* AppDelegate.swift */ = {isa = PBXFileReference; lastKnownFileType = sourcecode.swift; path = AppDelegate.swift; sourceTree = "<group>"; };
		CA7E90FE28E6EF6600149D23 /* Assets.xcassets */ = {isa = PBXFileReference; lastKnownFileType = folder.assetcatalog; path = Assets.xcassets; sourceTree = "<group>"; };
		CA7E910128E6EF6600149D23 /* Base */ = {isa = PBXFileReference; lastKnownFileType = file.storyboard; name = Base; path = Base.lproj/LaunchScreen.storyboard; sourceTree = "<group>"; };
		CA7E910328E6EF6600149D23 /* Info.plist */ = {isa = PBXFileReference; lastKnownFileType = text.plist.xml; path = Info.plist; sourceTree = "<group>"; };
		CA7E910E28E6F07000149D23 /* HomeVC.swift */ = {isa = PBXFileReference; lastKnownFileType = sourcecode.swift; path = HomeVC.swift; sourceTree = "<group>"; };
		CA7E910F28E6F07000149D23 /* HomeVC.xib */ = {isa = PBXFileReference; lastKnownFileType = file.xib; path = HomeVC.xib; sourceTree = "<group>"; };
		CA7E911228E6F48C00149D23 /* Screen1.swift */ = {isa = PBXFileReference; lastKnownFileType = sourcecode.swift; path = Screen1.swift; sourceTree = "<group>"; };
		CA7E911328E6F48C00149D23 /* Screen1.xib */ = {isa = PBXFileReference; lastKnownFileType = file.xib; path = Screen1.xib; sourceTree = "<group>"; };
		CA7E911A28E6F80500149D23 /* Gilroy-Black.ttf */ = {isa = PBXFileReference; lastKnownFileType = file; path = "Gilroy-Black.ttf"; sourceTree = "<group>"; };
		CA7E912828E6F80B00149D23 /* Gilroy-Semibold.ttf */ = {isa = PBXFileReference; lastKnownFileType = file; path = "Gilroy-Semibold.ttf"; sourceTree = "<group>"; };
		CA7E912B28E6F80D00149D23 /* Gilroy-RegularItalic.ttf */ = {isa = PBXFileReference; lastKnownFileType = file; path = "Gilroy-RegularItalic.ttf"; sourceTree = "<group>"; };
		CA7E913028E6F80F00149D23 /* Gilroy-Medium.ttf */ = {isa = PBXFileReference; lastKnownFileType = file; path = "Gilroy-Medium.ttf"; sourceTree = "<group>"; };
		CA7E913428E6F81100149D23 /* Gilroy-LightItalic.ttf */ = {isa = PBXFileReference; lastKnownFileType = file; path = "Gilroy-LightItalic.ttf"; sourceTree = "<group>"; };
		CA7E913828E6F81300149D23 /* Gilroy-MediumItalic.ttf */ = {isa = PBXFileReference; lastKnownFileType = file; path = "Gilroy-MediumItalic.ttf"; sourceTree = "<group>"; };
		CA7E913C28E6F81500149D23 /* Gilroy-BoldItalic.ttf */ = {isa = PBXFileReference; lastKnownFileType = file; path = "Gilroy-BoldItalic.ttf"; sourceTree = "<group>"; };
		CA7E913D28E6F81500149D23 /* Gilroy-BlackItalic.ttf */ = {isa = PBXFileReference; lastKnownFileType = file; path = "Gilroy-BlackItalic.ttf"; sourceTree = "<group>"; };
		CA7E914128E6F81700149D23 /* Gilroy-Bold.ttf */ = {isa = PBXFileReference; lastKnownFileType = file; path = "Gilroy-Bold.ttf"; sourceTree = "<group>"; };
		CA7E914828E6F81B00149D23 /* Gilroy-Light.ttf */ = {isa = PBXFileReference; lastKnownFileType = file; path = "Gilroy-Light.ttf"; sourceTree = "<group>"; };
		CA7E914A28E6F81C00149D23 /* Gilroy-Regular.ttf */ = {isa = PBXFileReference; lastKnownFileType = file; path = "Gilroy-Regular.ttf"; sourceTree = "<group>"; };
		CA7E914E28E6F81E00149D23 /* Gilroy-SemiboldItalic.ttf */ = {isa = PBXFileReference; lastKnownFileType = file; path = "Gilroy-SemiboldItalic.ttf"; sourceTree = "<group>"; };
		CA7E918B28E7016B00149D23 /* Screen2.swift */ = {isa = PBXFileReference; lastKnownFileType = sourcecode.swift; path = Screen2.swift; sourceTree = "<group>"; };
		CA7E918C28E7016B00149D23 /* Screen2.xib */ = {isa = PBXFileReference; lastKnownFileType = file.xib; path = Screen2.xib; sourceTree = "<group>"; };
		CA7E918F28E703A200149D23 /* Screen3.swift */ = {isa = PBXFileReference; lastKnownFileType = sourcecode.swift; path = Screen3.swift; sourceTree = "<group>"; };
		CA7E919028E703A200149D23 /* Screen3.xib */ = {isa = PBXFileReference; lastKnownFileType = file.xib; path = Screen3.xib; sourceTree = "<group>"; };
		CA7E919328E709F400149D23 /* Screen4.swift */ = {isa = PBXFileReference; lastKnownFileType = sourcecode.swift; path = Screen4.swift; sourceTree = "<group>"; };
		CA7E919428E709F400149D23 /* Screen4.xib */ = {isa = PBXFileReference; lastKnownFileType = file.xib; path = Screen4.xib; sourceTree = "<group>"; };
/* End PBXFileReference section */

/* Begin PBXFrameworksBuildPhase section */
		CA7E90EF28E6EF6500149D23 /* Frameworks */ = {
			isa = PBXFrameworksBuildPhase;
			buildActionMask = 2147483647;
			files = (
			);
			runOnlyForDeploymentPostprocessing = 0;
		};
/* End PBXFrameworksBuildPhase section */

/* Begin PBXGroup section */
		CA7E90E928E6EF6500149D23 = {
			isa = PBXGroup;
			children = (
				CA7E90F428E6EF6500149D23 /* MMEHolding */,
				CA7E90F328E6EF6500149D23 /* Products */,
			);
			sourceTree = "<group>";
		};
		CA7E90F328E6EF6500149D23 /* Products */ = {
			isa = PBXGroup;
			children = (
				CA7E90F228E6EF6500149D23 /* MMEHolding.app */,
			);
			name = Products;
			sourceTree = "<group>";
		};
		CA7E90F428E6EF6500149D23 /* MMEHolding */ = {
			isa = PBXGroup;
			children = (
				CA7E911828E6F7D100149D23 /* Fonts */,
				CA7E910D28E6F04F00149D23 /* Protocols */,
				CA7E910C28E6F04600149D23 /* Views */,
				CA7E910B28E6F04100149D23 /* Models */,
				CA7E910A28E6F03600149D23 /* Controllers */,
				CA7E910928E6F02700149D23 /* Support */,
				CA7E90FE28E6EF6600149D23 /* Assets.xcassets */,
				CA7E910028E6EF6600149D23 /* LaunchScreen.storyboard */,
				CA7E910328E6EF6600149D23 /* Info.plist */,
			);
			path = MMEHolding;
			sourceTree = "<group>";
		};
		CA7E910928E6F02700149D23 /* Support */ = {
			isa = PBXGroup;
			children = (
				CA7E90F528E6EF6500149D23 /* AppDelegate.swift */,
			);
			path = Support;
			sourceTree = "<group>";
		};
		CA7E910A28E6F03600149D23 /* Controllers */ = {
			isa = PBXGroup;
			children = (
				CA7E911728E6F4AF00149D23 /* Onboarding */,
				CA7E910E28E6F07000149D23 /* HomeVC.swift */,
			);
			path = Controllers;
			sourceTree = "<group>";
		};
		CA7E910B28E6F04100149D23 /* Models */ = {
			isa = PBXGroup;
			children = (
			);
			path = Models;
			sourceTree = "<group>";
		};
		CA7E910C28E6F04600149D23 /* Views */ = {
			isa = PBXGroup;
			children = (
				CA7E911628E6F49500149D23 /* Onboarding */,
				CA7E910F28E6F07000149D23 /* HomeVC.xib */,
			);
			path = Views;
			sourceTree = "<group>";
		};
		CA7E910D28E6F04F00149D23 /* Protocols */ = {
			isa = PBXGroup;
			children = (
			);
			path = Protocols;
			sourceTree = "<group>";
		};
		CA7E911628E6F49500149D23 /* Onboarding */ = {
			isa = PBXGroup;
			children = (
				CA7E911328E6F48C00149D23 /* Screen1.xib */,
				CA7E918C28E7016B00149D23 /* Screen2.xib */,
				CA7E919028E703A200149D23 /* Screen3.xib */,
				CA7E919428E709F400149D23 /* Screen4.xib */,
			);
			path = Onboarding;
			sourceTree = "<group>";
		};
		CA7E911728E6F4AF00149D23 /* Onboarding */ = {
			isa = PBXGroup;
			children = (
				CA7E911228E6F48C00149D23 /* Screen1.swift */,
				CA7E918B28E7016B00149D23 /* Screen2.swift */,
				CA7E918F28E703A200149D23 /* Screen3.swift */,
				CA7E919328E709F400149D23 /* Screen4.swift */,
			);
			path = Onboarding;
			sourceTree = "<group>";
		};
		CA7E911828E6F7D100149D23 /* Fonts */ = {
			isa = PBXGroup;
			children = (
				CA7E911A28E6F80500149D23 /* Gilroy-Black.ttf */,
				CA7E913D28E6F81500149D23 /* Gilroy-BlackItalic.ttf */,
				CA7E914128E6F81700149D23 /* Gilroy-Bold.ttf */,
				CA7E913C28E6F81500149D23 /* Gilroy-BoldItalic.ttf */,
				CA7E914828E6F81B00149D23 /* Gilroy-Light.ttf */,
				CA7E913428E6F81100149D23 /* Gilroy-LightItalic.ttf */,
				CA7E913028E6F80F00149D23 /* Gilroy-Medium.ttf */,
				CA7E913828E6F81300149D23 /* Gilroy-MediumItalic.ttf */,
				CA7E914A28E6F81C00149D23 /* Gilroy-Regular.ttf */,
				CA7E912B28E6F80D00149D23 /* Gilroy-RegularItalic.ttf */,
				CA7E912828E6F80B00149D23 /* Gilroy-Semibold.ttf */,
				CA7E914E28E6F81E00149D23 /* Gilroy-SemiboldItalic.ttf */,
			);
			path = Fonts;
			sourceTree = "<group>";
		};
/* End PBXGroup section */

/* Begin PBXNativeTarget section */
		CA7E90F128E6EF6500149D23 /* MMEHolding */ = {
			isa = PBXNativeTarget;
			buildConfigurationList = CA7E910628E6EF6600149D23 /* Build configuration list for PBXNativeTarget "MMEHolding" */;
			buildPhases = (
				CA7E90EE28E6EF6500149D23 /* Sources */,
				CA7E90EF28E6EF6500149D23 /* Frameworks */,
				CA7E90F028E6EF6500149D23 /* Resources */,
			);
			buildRules = (
			);
			dependencies = (
			);
			name = MMEHolding;
			productName = MMEHolding;
			productReference = CA7E90F228E6EF6500149D23 /* MMEHolding.app */;
			productType = "com.apple.product-type.application";
		};
/* End PBXNativeTarget section */

/* Begin PBXProject section */
		CA7E90EA28E6EF6500149D23 /* Project object */ = {
			isa = PBXProject;
			attributes = {
				BuildIndependentTargetsInParallel = 1;
				LastSwiftUpdateCheck = 1400;
				LastUpgradeCheck = 1400;
				TargetAttributes = {
					CA7E90F128E6EF6500149D23 = {
						CreatedOnToolsVersion = 14.0.1;
					};
				};
			};
			buildConfigurationList = CA7E90ED28E6EF6500149D23 /* Build configuration list for PBXProject "MMEHolding" */;
			compatibilityVersion = "Xcode 14.0";
			developmentRegion = en;
			hasScannedForEncodings = 0;
			knownRegions = (
				en,
				Base,
			);
			mainGroup = CA7E90E928E6EF6500149D23;
			productRefGroup = CA7E90F328E6EF6500149D23 /* Products */;
			projectDirPath = "";
			projectRoot = "";
			targets = (
				CA7E90F128E6EF6500149D23 /* MMEHolding */,
			);
		};
/* End PBXProject section */

/* Begin PBXResourcesBuildPhase section */
		CA7E90F028E6EF6500149D23 /* Resources */ = {
			isa = PBXResourcesBuildPhase;
			buildActionMask = 2147483647;
			files = (
				CA7E918328E6F81F00149D23 /* Gilroy-Regular.ttf in Resources */,
				CA7E915328E6F81F00149D23 /* Gilroy-Black.ttf in Resources */,
				CA7E917528E6F81F00149D23 /* Gilroy-BoldItalic.ttf in Resources */,
				CA7E916928E6F81F00149D23 /* Gilroy-Medium.ttf in Resources */,
				CA7E916128E6F81F00149D23 /* Gilroy-Semibold.ttf in Resources */,
				CA7E916D28E6F81F00149D23 /* Gilroy-LightItalic.ttf in Resources */,
				CA7E917A28E6F81F00149D23 /* Gilroy-Bold.ttf in Resources */,
				CA7E910228E6EF6600149D23 /* LaunchScreen.storyboard in Resources */,
				CA7E911528E6F48C00149D23 /* Screen1.xib in Resources */,
				CA7E918E28E7016B00149D23 /* Screen2.xib in Resources */,
				CA7E917628E6F81F00149D23 /* Gilroy-BlackItalic.ttf in Resources */,
				CA7E911128E6F07000149D23 /* HomeVC.xib in Resources */,
				CA7E90FF28E6EF6600149D23 /* Assets.xcassets in Resources */,
				CA7E919228E703A200149D23 /* Screen3.xib in Resources */,
				CA7E919628E709F400149D23 /* Screen4.xib in Resources */,
				CA7E916428E6F81F00149D23 /* Gilroy-RegularItalic.ttf in Resources */,
				CA7E917128E6F81F00149D23 /* Gilroy-MediumItalic.ttf in Resources */,
				CA7E918128E6F81F00149D23 /* Gilroy-Light.ttf in Resources */,
				CA7E918728E6F81F00149D23 /* Gilroy-SemiboldItalic.ttf in Resources */,
			);
			runOnlyForDeploymentPostprocessing = 0;
		};
/* End PBXResourcesBuildPhase section */

/* Begin PBXSourcesBuildPhase section */
		CA7E90EE28E6EF6500149D23 /* Sources */ = {
			isa = PBXSourcesBuildPhase;
			buildActionMask = 2147483647;
			files = (
				CA7E919528E709F400149D23 /* Screen4.swift in Sources */,
				CA7E911428E6F48C00149D23 /* Screen1.swift in Sources */,
				CA7E919128E703A200149D23 /* Screen3.swift in Sources */,
				CA7E90F628E6EF6500149D23 /* AppDelegate.swift in Sources */,
				CA7E918D28E7016B00149D23 /* Screen2.swift in Sources */,
				CA7E911028E6F07000149D23 /* HomeVC.swift in Sources */,
			);
			runOnlyForDeploymentPostprocessing = 0;
		};
/* End PBXSourcesBuildPhase section */

/* Begin PBXVariantGroup section */
		CA7E910028E6EF6600149D23 /* LaunchScreen.storyboard */ = {
			isa = PBXVariantGroup;
			children = (
				CA7E910128E6EF6600149D23 /* Base */,
			);
			name = LaunchScreen.storyboard;
			sourceTree = "<group>";
		};
/* End PBXVariantGroup section */

/* Begin XCBuildConfiguration section */
		CA7E910428E6EF6600149D23 /* Debug */ = {
			isa = XCBuildConfiguration;
			buildSettings = {
				ALWAYS_SEARCH_USER_PATHS = NO;
				CLANG_ANALYZER_NONNULL = YES;
				CLANG_ANALYZER_NUMBER_OBJECT_CONVERSION = YES_AGGRESSIVE;
				CLANG_CXX_LANGUAGE_STANDARD = "gnu++20";
				CLANG_ENABLE_MODULES = YES;
				CLANG_ENABLE_OBJC_ARC = YES;
				CLANG_ENABLE_OBJC_WEAK = YES;
				CLANG_WARN_BLOCK_CAPTURE_AUTORELEASING = YES;
				CLANG_WARN_BOOL_CONVERSION = YES;
				CLANG_WARN_COMMA = YES;
				CLANG_WARN_CONSTANT_CONVERSION = YES;
				CLANG_WARN_DEPRECATED_OBJC_IMPLEMENTATIONS = YES;
				CLANG_WARN_DIRECT_OBJC_ISA_USAGE = YES_ERROR;
				CLANG_WARN_DOCUMENTATION_COMMENTS = YES;
				CLANG_WARN_EMPTY_BODY = YES;
				CLANG_WARN_ENUM_CONVERSION = YES;
				CLANG_WARN_INFINITE_RECURSION = YES;
				CLANG_WARN_INT_CONVERSION = YES;
				CLANG_WARN_NON_LITERAL_NULL_CONVERSION = YES;
				CLANG_WARN_OBJC_IMPLICIT_RETAIN_SELF = YES;
				CLANG_WARN_OBJC_LITERAL_CONVERSION = YES;
				CLANG_WARN_OBJC_ROOT_CLASS = YES_ERROR;
				CLANG_WARN_QUOTED_INCLUDE_IN_FRAMEWORK_HEADER = YES;
				CLANG_WARN_RANGE_LOOP_ANALYSIS = YES;
				CLANG_WARN_STRICT_PROTOTYPES = YES;
				CLANG_WARN_SUSPICIOUS_MOVE = YES;
				CLANG_WARN_UNGUARDED_AVAILABILITY = YES_AGGRESSIVE;
				CLANG_WARN_UNREACHABLE_CODE = YES;
				CLANG_WARN__DUPLICATE_METHOD_MATCH = YES;
				COPY_PHASE_STRIP = NO;
				DEBUG_INFORMATION_FORMAT = dwarf;
				ENABLE_STRICT_OBJC_MSGSEND = YES;
				ENABLE_TESTABILITY = YES;
				GCC_C_LANGUAGE_STANDARD = gnu11;
				GCC_DYNAMIC_NO_PIC = NO;
				GCC_NO_COMMON_BLOCKS = YES;
				GCC_OPTIMIZATION_LEVEL = 0;
				GCC_PREPROCESSOR_DEFINITIONS = (
					"DEBUG=1",
					"$(inherited)",
				);
				GCC_WARN_64_TO_32_BIT_CONVERSION = YES;
				GCC_WARN_ABOUT_RETURN_TYPE = YES_ERROR;
				GCC_WARN_UNDECLARED_SELECTOR = YES;
				GCC_WARN_UNINITIALIZED_AUTOS = YES_AGGRESSIVE;
				GCC_WARN_UNUSED_FUNCTION = YES;
				GCC_WARN_UNUSED_VARIABLE = YES;
				IPHONEOS_DEPLOYMENT_TARGET = 16.0;
				MTL_ENABLE_DEBUG_INFO = INCLUDE_SOURCE;
				MTL_FAST_MATH = YES;
				ONLY_ACTIVE_ARCH = YES;
				SDKROOT = iphoneos;
				SWIFT_ACTIVE_COMPILATION_CONDITIONS = DEBUG;
				SWIFT_OPTIMIZATION_LEVEL = "-Onone";
			};
			name = Debug;
		};
		CA7E910528E6EF6600149D23 /* Release */ = {
			isa = XCBuildConfiguration;
			buildSettings = {
				ALWAYS_SEARCH_USER_PATHS = NO;
				CLANG_ANALYZER_NONNULL = YES;
				CLANG_ANALYZER_NUMBER_OBJECT_CONVERSION = YES_AGGRESSIVE;
				CLANG_CXX_LANGUAGE_STANDARD = "gnu++20";
				CLANG_ENABLE_MODULES = YES;
				CLANG_ENABLE_OBJC_ARC = YES;
				CLANG_ENABLE_OBJC_WEAK = YES;
				CLANG_WARN_BLOCK_CAPTURE_AUTORELEASING = YES;
				CLANG_WARN_BOOL_CONVERSION = YES;
				CLANG_WARN_COMMA = YES;
				CLANG_WARN_CONSTANT_CONVERSION = YES;
				CLANG_WARN_DEPRECATED_OBJC_IMPLEMENTATIONS = YES;
				CLANG_WARN_DIRECT_OBJC_ISA_USAGE = YES_ERROR;
				CLANG_WARN_DOCUMENTATION_COMMENTS = YES;
				CLANG_WARN_EMPTY_BODY = YES;
				CLANG_WARN_ENUM_CONVERSION = YES;
				CLANG_WARN_INFINITE_RECURSION = YES;
				CLANG_WARN_INT_CONVERSION = YES;
				CLANG_WARN_NON_LITERAL_NULL_CONVERSION = YES;
				CLANG_WARN_OBJC_IMPLICIT_RETAIN_SELF = YES;
				CLANG_WARN_OBJC_LITERAL_CONVERSION = YES;
				CLANG_WARN_OBJC_ROOT_CLASS = YES_ERROR;
				CLANG_WARN_QUOTED_INCLUDE_IN_FRAMEWORK_HEADER = YES;
				CLANG_WARN_RANGE_LOOP_ANALYSIS = YES;
				CLANG_WARN_STRICT_PROTOTYPES = YES;
				CLANG_WARN_SUSPICIOUS_MOVE = YES;
				CLANG_WARN_UNGUARDED_AVAILABILITY = YES_AGGRESSIVE;
				CLANG_WARN_UNREACHABLE_CODE = YES;
				CLANG_WARN__DUPLICATE_METHOD_MATCH = YES;
				COPY_PHASE_STRIP = NO;
				DEBUG_INFORMATION_FORMAT = "dwarf-with-dsym";
				ENABLE_NS_ASSERTIONS = NO;
				ENABLE_STRICT_OBJC_MSGSEND = YES;
				GCC_C_LANGUAGE_STANDARD = gnu11;
				GCC_NO_COMMON_BLOCKS = YES;
				GCC_WARN_64_TO_32_BIT_CONVERSION = YES;
				GCC_WARN_ABOUT_RETURN_TYPE = YES_ERROR;
				GCC_WARN_UNDECLARED_SELECTOR = YES;
				GCC_WARN_UNINITIALIZED_AUTOS = YES_AGGRESSIVE;
				GCC_WARN_UNUSED_FUNCTION = YES;
				GCC_WARN_UNUSED_VARIABLE = YES;
				IPHONEOS_DEPLOYMENT_TARGET = 16.0;
				MTL_ENABLE_DEBUG_INFO = NO;
				MTL_FAST_MATH = YES;
				SDKROOT = iphoneos;
				SWIFT_COMPILATION_MODE = wholemodule;
				SWIFT_OPTIMIZATION_LEVEL = "-O";
				VALIDATE_PRODUCT = YES;
			};
			name = Release;
		};
		CA7E910728E6EF6600149D23 /* Debug */ = {
			isa = XCBuildConfiguration;
			buildSettings = {
				ASSETCATALOG_COMPILER_APPICON_NAME = AppIcon;
				ASSETCATALOG_COMPILER_GLOBAL_ACCENT_COLOR_NAME = AccentColor;
				CODE_SIGN_STYLE = Automatic;
				CURRENT_PROJECT_VERSION = 1;
				GENERATE_INFOPLIST_FILE = YES;
				INFOPLIST_FILE = MMEHolding/Info.plist;
				INFOPLIST_KEY_UIApplicationSupportsIndirectInputEvents = YES;
				INFOPLIST_KEY_UILaunchStoryboardName = LaunchScreen;
				INFOPLIST_KEY_UIMainStoryboardFile = "";
				INFOPLIST_KEY_UISupportedInterfaceOrientations_iPad = "UIInterfaceOrientationPortrait UIInterfaceOrientationPortraitUpsideDown UIInterfaceOrientationLandscapeLeft UIInterfaceOrientationLandscapeRight";
				INFOPLIST_KEY_UISupportedInterfaceOrientations_iPhone = "UIInterfaceOrientationPortrait UIInterfaceOrientationLandscapeLeft UIInterfaceOrientationLandscapeRight";
				LD_RUNPATH_SEARCH_PATHS = (
					"$(inherited)",
					"@executable_path/Frameworks",
				);
				MARKETING_VERSION = 1.0;
				PRODUCT_BUNDLE_IDENTIFIER = com.azimjon.MMEHolding;
				PRODUCT_NAME = "$(TARGET_NAME)";
				SWIFT_EMIT_LOC_STRINGS = YES;
				SWIFT_VERSION = 5.0;
				TARGETED_DEVICE_FAMILY = "1,2";
			};
			name = Debug;
		};
		CA7E910828E6EF6600149D23 /* Release */ = {
			isa = XCBuildConfiguration;
			buildSettings = {
				ASSETCATALOG_COMPILER_APPICON_NAME = AppIcon;
				ASSETCATALOG_COMPILER_GLOBAL_ACCENT_COLOR_NAME = AccentColor;
				CODE_SIGN_STYLE = Automatic;
				CURRENT_PROJECT_VERSION = 1;
				GENERATE_INFOPLIST_FILE = YES;
				INFOPLIST_FILE = MMEHolding/Info.plist;
				INFOPLIST_KEY_UIApplicationSupportsIndirectInputEvents = YES;
				INFOPLIST_KEY_UILaunchStoryboardName = LaunchScreen;
				INFOPLIST_KEY_UIMainStoryboardFile = "";
				INFOPLIST_KEY_UISupportedInterfaceOrientations_iPad = "UIInterfaceOrientationPortrait UIInterfaceOrientationPortraitUpsideDown UIInterfaceOrientationLandscapeLeft UIInterfaceOrientationLandscapeRight";
				INFOPLIST_KEY_UISupportedInterfaceOrientations_iPhone = "UIInterfaceOrientationPortrait UIInterfaceOrientationLandscapeLeft UIInterfaceOrientationLandscapeRight";
				LD_RUNPATH_SEARCH_PATHS = (
					"$(inherited)",
					"@executable_path/Frameworks",
				);
				MARKETING_VERSION = 1.0;
				PRODUCT_BUNDLE_IDENTIFIER = com.azimjon.MMEHolding;
				PRODUCT_NAME = "$(TARGET_NAME)";
				SWIFT_EMIT_LOC_STRINGS = YES;
				SWIFT_VERSION = 5.0;
				TARGETED_DEVICE_FAMILY = "1,2";
			};
			name = Release;
		};
/* End XCBuildConfiguration section */

/* Begin XCConfigurationList section */
		CA7E90ED28E6EF6500149D23 /* Build configuration list for PBXProject "MMEHolding" */ = {
			isa = XCConfigurationList;
			buildConfigurations = (
				CA7E910428E6EF6600149D23 /* Debug */,
				CA7E910528E6EF6600149D23 /* Release */,
			);
			defaultConfigurationIsVisible = 0;
			defaultConfigurationName = Release;
		};
		CA7E910628E6EF6600149D23 /* Build configuration list for PBXNativeTarget "MMEHolding" */ = {
			isa = XCConfigurationList;
			buildConfigurations = (
				CA7E910728E6EF6600149D23 /* Debug */,
				CA7E910828E6EF6600149D23 /* Release */,
			);
			defaultConfigurationIsVisible = 0;
			defaultConfigurationName = Release;
		};
/* End XCConfigurationList section */
	};
	rootObject = CA7E90EA28E6EF6500149D23 /* Project object */;
}
