// !$*UTF8*$!
{
	archiveVersion = 1;
	classes = {
	};
	objectVersion = 56;
	objects = {

/* Begin PBXBuildFile section */
		CA30ED4E28DDC71B007030B4 /* AppDelegate.swift in Sources */ = {isa = PBXBuildFile; fileRef = CA30ED4D28DDC71B007030B4 /* AppDelegate.swift */; };
		CA30ED5728DDC71B007030B4 /* Assets.xcassets in Resources */ = {isa = PBXBuildFile; fileRef = CA30ED5628DDC71B007030B4 /* Assets.xcassets */; };
		CA30ED5A28DDC71B007030B4 /* LaunchScreen.storyboard in Resources */ = {isa = PBXBuildFile; fileRef = CA30ED5828DDC71B007030B4 /* LaunchScreen.storyboard */; };
		CA30ED6328DDC752007030B4 /* HomeVC.swift in Sources */ = {isa = PBXBuildFile; fileRef = CA30ED6128DDC752007030B4 /* HomeVC.swift */; };
		CA30ED6428DDC752007030B4 /* HomeVC.xib in Resources */ = {isa = PBXBuildFile; fileRef = CA30ED6228DDC752007030B4 /* HomeVC.xib */; };
		CA30ED6928DDC7A5007030B4 /* AboutVCProtocol.swift in Sources */ = {isa = PBXBuildFile; fileRef = CA30ED6828DDC7A5007030B4 /* AboutVCProtocol.swift */; };
		CA30ED6C28DDC919007030B4 /* AboutVC.swift in Sources */ = {isa = PBXBuildFile; fileRef = CA30ED6A28DDC919007030B4 /* AboutVC.swift */; };
		CA30ED6D28DDC919007030B4 /* AboutVC.xib in Resources */ = {isa = PBXBuildFile; fileRef = CA30ED6B28DDC919007030B4 /* AboutVC.xib */; };
/* End PBXBuildFile section */

/* Begin PBXFileReference section */
		CA30ED4A28DDC71B007030B4 /* CustomXibLesson.app */ = {isa = PBXFileReference; explicitFileType = wrapper.application; includeInIndex = 0; path = CustomXibLesson.app; sourceTree = BUILT_PRODUCTS_DIR; };
		CA30ED4D28DDC71B007030B4 /* AppDelegate.swift */ = {isa = PBXFileReference; lastKnownFileType = sourcecode.swift; path = AppDelegate.swift; sourceTree = "<group>"; };
		CA30ED5628DDC71B007030B4 /* Assets.xcassets */ = {isa = PBXFileReference; lastKnownFileType = folder.assetcatalog; path = Assets.xcassets; sourceTree = "<group>"; };
		CA30ED5928DDC71B007030B4 /* Base */ = {isa = PBXFileReference; lastKnownFileType = file.storyboard; name = Base; path = Base.lproj/LaunchScreen.storyboard; sourceTree = "<group>"; };
		CA30ED5B28DDC71B007030B4 /* Info.plist */ = {isa = PBXFileReference; lastKnownFileType = text.plist.xml; path = Info.plist; sourceTree = "<group>"; };
		CA30ED6128DDC752007030B4 /* HomeVC.swift */ = {isa = PBXFileReference; lastKnownFileType = sourcecode.swift; path = HomeVC.swift; sourceTree = "<group>"; };
		CA30ED6228DDC752007030B4 /* HomeVC.xib */ = {isa = PBXFileReference; lastKnownFileType = file.xib; path = HomeVC.xib; sourceTree = "<group>"; };
		CA30ED6828DDC7A5007030B4 /* AboutVCProtocol.swift */ = {isa = PBXFileReference; lastKnownFileType = sourcecode.swift; path = AboutVCProtocol.swift; sourceTree = "<group>"; };
		CA30ED6A28DDC919007030B4 /* AboutVC.swift */ = {isa = PBXFileReference; lastKnownFileType = sourcecode.swift; path = AboutVC.swift; sourceTree = "<group>"; };
		CA30ED6B28DDC919007030B4 /* AboutVC.xib */ = {isa = PBXFileReference; lastKnownFileType = file.xib; path = AboutVC.xib; sourceTree = "<group>"; };
/* End PBXFileReference section */

/* Begin PBXFrameworksBuildPhase section */
		CA30ED4728DDC71B007030B4 /* Frameworks */ = {
			isa = PBXFrameworksBuildPhase;
			buildActionMask = 2147483647;
			files = (
			);
			runOnlyForDeploymentPostprocessing = 0;
		};
/* End PBXFrameworksBuildPhase section */

/* Begin PBXGroup section */
		CA30ED4128DDC71B007030B4 = {
			isa = PBXGroup;
			children = (
				CA30ED4C28DDC71B007030B4 /* CustomXibLesson */,
				CA30ED4B28DDC71B007030B4 /* Products */,
			);
			sourceTree = "<group>";
		};
		CA30ED4B28DDC71B007030B4 /* Products */ = {
			isa = PBXGroup;
			children = (
				CA30ED4A28DDC71B007030B4 /* CustomXibLesson.app */,
			);
			name = Products;
			sourceTree = "<group>";
		};
		CA30ED4C28DDC71B007030B4 /* CustomXibLesson */ = {
			isa = PBXGroup;
			children = (
				CA30ED6728DDC76A007030B4 /* Protocols */,
				CA30ED6628DDC75F007030B4 /* Views */,
				CA30ED6528DDC759007030B4 /* Controllers */,
				CA30ED4D28DDC71B007030B4 /* AppDelegate.swift */,
				CA30ED5628DDC71B007030B4 /* Assets.xcassets */,
				CA30ED5828DDC71B007030B4 /* LaunchScreen.storyboard */,
				CA30ED5B28DDC71B007030B4 /* Info.plist */,
			);
			path = CustomXibLesson;
			sourceTree = "<group>";
		};
		CA30ED6528DDC759007030B4 /* Controllers */ = {
			isa = PBXGroup;
			children = (
				CA30ED6128DDC752007030B4 /* HomeVC.swift */,
				CA30ED6A28DDC919007030B4 /* AboutVC.swift */,
			);
			path = Controllers;
			sourceTree = "<group>";
		};
		CA30ED6628DDC75F007030B4 /* Views */ = {
			isa = PBXGroup;
			children = (
				CA30ED6228DDC752007030B4 /* HomeVC.xib */,
				CA30ED6B28DDC919007030B4 /* AboutVC.xib */,
			);
			path = Views;
			sourceTree = "<group>";
		};
		CA30ED6728DDC76A007030B4 /* Protocols */ = {
			isa = PBXGroup;
			children = (
				CA30ED6828DDC7A5007030B4 /* AboutVCProtocol.swift */,
			);
			path = Protocols;
			sourceTree = "<group>";
		};
/* End PBXGroup section */

/* Begin PBXNativeTarget section */
		CA30ED4928DDC71B007030B4 /* CustomXibLesson */ = {
			isa = PBXNativeTarget;
			buildConfigurationList = CA30ED5E28DDC71B007030B4 /* Build configuration list for PBXNativeTarget "CustomXibLesson" */;
			buildPhases = (
				CA30ED4628DDC71B007030B4 /* Sources */,
				CA30ED4728DDC71B007030B4 /* Frameworks */,
				CA30ED4828DDC71B007030B4 /* Resources */,
			);
			buildRules = (
			);
			dependencies = (
			);
			name = CustomXibLesson;
			productName = CustomXibLesson;
			productReference = CA30ED4A28DDC71B007030B4 /* CustomXibLesson.app */;
			productType = "com.apple.product-type.application";
		};
/* End PBXNativeTarget section */

/* Begin PBXProject section */
		CA30ED4228DDC71B007030B4 /* Project object */ = {
			isa = PBXProject;
			attributes = {
				BuildIndependentTargetsInParallel = 1;
				LastSwiftUpdateCheck = 1400;
				LastUpgradeCheck = 1400;
				TargetAttributes = {
					CA30ED4928DDC71B007030B4 = {
						CreatedOnToolsVersion = 14.0;
					};
				};
			};
			buildConfigurationList = CA30ED4528DDC71B007030B4 /* Build configuration list for PBXProject "CustomXibLesson" */;
			compatibilityVersion = "Xcode 14.0";
			developmentRegion = en;
			hasScannedForEncodings = 0;
			knownRegions = (
				en,
				Base,
			);
			mainGroup = CA30ED4128DDC71B007030B4;
			productRefGroup = CA30ED4B28DDC71B007030B4 /* Products */;
			projectDirPath = "";
			projectRoot = "";
			targets = (
				CA30ED4928DDC71B007030B4 /* CustomXibLesson */,
			);
		};
/* End PBXProject section */

/* Begin PBXResourcesBuildPhase section */
		CA30ED4828DDC71B007030B4 /* Resources */ = {
			isa = PBXResourcesBuildPhase;
			buildActionMask = 2147483647;
			files = (
				CA30ED6D28DDC919007030B4 /* AboutVC.xib in Resources */,
				CA30ED5A28DDC71B007030B4 /* LaunchScreen.storyboard in Resources */,
				CA30ED6428DDC752007030B4 /* HomeVC.xib in Resources */,
				CA30ED5728DDC71B007030B4 /* Assets.xcassets in Resources */,
			);
			runOnlyForDeploymentPostprocessing = 0;
		};
/* End PBXResourcesBuildPhase section */

/* Begin PBXSourcesBuildPhase section */
		CA30ED4628DDC71B007030B4 /* Sources */ = {
			isa = PBXSourcesBuildPhase;
			buildActionMask = 2147483647;
			files = (
				CA30ED6C28DDC919007030B4 /* AboutVC.swift in Sources */,
				CA30ED4E28DDC71B007030B4 /* AppDelegate.swift in Sources */,
				CA30ED6328DDC752007030B4 /* HomeVC.swift in Sources */,
				CA30ED6928DDC7A5007030B4 /* AboutVCProtocol.swift in Sources */,
			);
			runOnlyForDeploymentPostprocessing = 0;
		};
/* End PBXSourcesBuildPhase section */

/* Begin PBXVariantGroup section */
		CA30ED5828DDC71B007030B4 /* LaunchScreen.storyboard */ = {
			isa = PBXVariantGroup;
			children = (
				CA30ED5928DDC71B007030B4 /* Base */,
			);
			name = LaunchScreen.storyboard;
			sourceTree = "<group>";
		};
/* End PBXVariantGroup section */

/* Begin XCBuildConfiguration section */
		CA30ED5C28DDC71B007030B4 /* Debug */ = {
			isa = XCBuildConfiguration;
			buildSettings = {
				ALWAYS_SEARCH_USER_PATHS = NO;
				CLANG_ANALYZER_NONNULL = YES;
				CLANG_ANALYZER_NUMBER_OBJECT_CONVERSION = YES_AGGRESSIVE;
				CLANG_CXX_LANGUAGE_STANDARD = "gnu++20";
				CLANG_ENABLE_MODULES = YES;
				CLANG_ENABLE_OBJC_ARC = YES;
				CLANG_ENABLE_OBJC_WEAK = YES;
				CLANG_WARN_BLOCK_CAPTURE_AUTORELEASING = YES;
				CLANG_WARN_BOOL_CONVERSION = YES;
				CLANG_WARN_COMMA = YES;
				CLANG_WARN_CONSTANT_CONVERSION = YES;
				CLANG_WARN_DEPRECATED_OBJC_IMPLEMENTATIONS = YES;
				CLANG_WARN_DIRECT_OBJC_ISA_USAGE = YES_ERROR;
				CLANG_WARN_DOCUMENTATION_COMMENTS = YES;
				CLANG_WARN_EMPTY_BODY = YES;
				CLANG_WARN_ENUM_CONVERSION = YES;
				CLANG_WARN_INFINITE_RECURSION = YES;
				CLANG_WARN_INT_CONVERSION = YES;
				CLANG_WARN_NON_LITERAL_NULL_CONVERSION = YES;
				CLANG_WARN_OBJC_IMPLICIT_RETAIN_SELF = YES;
				CLANG_WARN_OBJC_LITERAL_CONVERSION = YES;
				CLANG_WARN_OBJC_ROOT_CLASS = YES_ERROR;
				CLANG_WARN_QUOTED_INCLUDE_IN_FRAMEWORK_HEADER = YES;
				CLANG_WARN_RANGE_LOOP_ANALYSIS = YES;
				CLANG_WARN_STRICT_PROTOTYPES = YES;
				CLANG_WARN_SUSPICIOUS_MOVE = YES;
				CLANG_WARN_UNGUARDED_AVAILABILITY = YES_AGGRESSIVE;
				CLANG_WARN_UNREACHABLE_CODE = YES;
				CLANG_WARN__DUPLICATE_METHOD_MATCH = YES;
				COPY_PHASE_STRIP = NO;
				DEBUG_INFORMATION_FORMAT = dwarf;
				ENABLE_STRICT_OBJC_MSGSEND = YES;
				ENABLE_TESTABILITY = YES;
				GCC_C_LANGUAGE_STANDARD = gnu11;
				GCC_DYNAMIC_NO_PIC = NO;
				GCC_NO_COMMON_BLOCKS = YES;
				GCC_OPTIMIZATION_LEVEL = 0;
				GCC_PREPROCESSOR_DEFINITIONS = (
					"DEBUG=1",
					"$(inherited)",
				);
				GCC_WARN_64_TO_32_BIT_CONVERSION = YES;
				GCC_WARN_ABOUT_RETURN_TYPE = YES_ERROR;
				GCC_WARN_UNDECLARED_SELECTOR = YES;
				GCC_WARN_UNINITIALIZED_AUTOS = YES_AGGRESSIVE;
				GCC_WARN_UNUSED_FUNCTION = YES;
				GCC_WARN_UNUSED_VARIABLE = YES;
				IPHONEOS_DEPLOYMENT_TARGET = 16.0;
				MTL_ENABLE_DEBUG_INFO = INCLUDE_SOURCE;
				MTL_FAST_MATH = YES;
				ONLY_ACTIVE_ARCH = YES;
				SDKROOT = iphoneos;
				SWIFT_ACTIVE_COMPILATION_CONDITIONS = DEBUG;
				SWIFT_OPTIMIZATION_LEVEL = "-Onone";
			};
			name = Debug;
		};
		CA30ED5D28DDC71B007030B4 /* Release */ = {
			isa = XCBuildConfiguration;
			buildSettings = {
				ALWAYS_SEARCH_USER_PATHS = NO;
				CLANG_ANALYZER_NONNULL = YES;
				CLANG_ANALYZER_NUMBER_OBJECT_CONVERSION = YES_AGGRESSIVE;
				CLANG_CXX_LANGUAGE_STANDARD = "gnu++20";
				CLANG_ENABLE_MODULES = YES;
				CLANG_ENABLE_OBJC_ARC = YES;
				CLANG_ENABLE_OBJC_WEAK = YES;
				CLANG_WARN_BLOCK_CAPTURE_AUTORELEASING = YES;
				CLANG_WARN_BOOL_CONVERSION = YES;
				CLANG_WARN_COMMA = YES;
				CLANG_WARN_CONSTANT_CONVERSION = YES;
				CLANG_WARN_DEPRECATED_OBJC_IMPLEMENTATIONS = YES;
				CLANG_WARN_DIRECT_OBJC_ISA_USAGE = YES_ERROR;
				CLANG_WARN_DOCUMENTATION_COMMENTS = YES;
				CLANG_WARN_EMPTY_BODY = YES;
				CLANG_WARN_ENUM_CONVERSION = YES;
				CLANG_WARN_INFINITE_RECURSION = YES;
				CLANG_WARN_INT_CONVERSION = YES;
				CLANG_WARN_NON_LITERAL_NULL_CONVERSION = YES;
				CLANG_WARN_OBJC_IMPLICIT_RETAIN_SELF = YES;
				CLANG_WARN_OBJC_LITERAL_CONVERSION = YES;
				CLANG_WARN_OBJC_ROOT_CLASS = YES_ERROR;
				CLANG_WARN_QUOTED_INCLUDE_IN_FRAMEWORK_HEADER = YES;
				CLANG_WARN_RANGE_LOOP_ANALYSIS = YES;
				CLANG_WARN_STRICT_PROTOTYPES = YES;
				CLANG_WARN_SUSPICIOUS_MOVE = YES;
				CLANG_WARN_UNGUARDED_AVAILABILITY = YES_AGGRESSIVE;
				CLANG_WARN_UNREACHABLE_CODE = YES;
				CLANG_WARN__DUPLICATE_METHOD_MATCH = YES;
				COPY_PHASE_STRIP = NO;
				DEBUG_INFORMATION_FORMAT = "dwarf-with-dsym";
				ENABLE_NS_ASSERTIONS = NO;
				ENABLE_STRICT_OBJC_MSGSEND = YES;
				GCC_C_LANGUAGE_STANDARD = gnu11;
				GCC_NO_COMMON_BLOCKS = YES;
				GCC_WARN_64_TO_32_BIT_CONVERSION = YES;
				GCC_WARN_ABOUT_RETURN_TYPE = YES_ERROR;
				GCC_WARN_UNDECLARED_SELECTOR = YES;
				GCC_WARN_UNINITIALIZED_AUTOS = YES_AGGRESSIVE;
				GCC_WARN_UNUSED_FUNCTION = YES;
				GCC_WARN_UNUSED_VARIABLE = YES;
				IPHONEOS_DEPLOYMENT_TARGET = 16.0;
				MTL_ENABLE_DEBUG_INFO = NO;
				MTL_FAST_MATH = YES;
				SDKROOT = iphoneos;
				SWIFT_COMPILATION_MODE = wholemodule;
				SWIFT_OPTIMIZATION_LEVEL = "-O";
				VALIDATE_PRODUCT = YES;
			};
			name = Release;
		};
		CA30ED5F28DDC71B007030B4 /* Debug */ = {
			isa = XCBuildConfiguration;
			buildSettings = {
				ASSETCATALOG_COMPILER_APPICON_NAME = AppIcon;
				ASSETCATALOG_COMPILER_GLOBAL_ACCENT_COLOR_NAME = AccentColor;
				CODE_SIGN_STYLE = Automatic;
				CURRENT_PROJECT_VERSION = 1;
				GENERATE_INFOPLIST_FILE = YES;
				INFOPLIST_FILE = CustomXibLesson/Info.plist;
				INFOPLIST_KEY_UIApplicationSupportsIndirectInputEvents = YES;
				INFOPLIST_KEY_UILaunchStoryboardName = LaunchScreen;
				INFOPLIST_KEY_UIMainStoryboardFile = "";
				INFOPLIST_KEY_UISupportedInterfaceOrientations_iPad = "UIInterfaceOrientationPortrait UIInterfaceOrientationPortraitUpsideDown UIInterfaceOrientationLandscapeLeft UIInterfaceOrientationLandscapeRight";
				INFOPLIST_KEY_UISupportedInterfaceOrientations_iPhone = "UIInterfaceOrientationPortrait UIInterfaceOrientationLandscapeLeft UIInterfaceOrientationLandscapeRight";
				LD_RUNPATH_SEARCH_PATHS = (
					"$(inherited)",
					"@executable_path/Frameworks",
				);
				MARKETING_VERSION = 1.0;
				PRODUCT_BUNDLE_IDENTIFIER = com.azimjon.CustomXibLesson;
				PRODUCT_NAME = "$(TARGET_NAME)";
				SWIFT_EMIT_LOC_STRINGS = YES;
				SWIFT_VERSION = 5.0;
				TARGETED_DEVICE_FAMILY = "1,2";
			};
			name = Debug;
		};
		CA30ED6028DDC71B007030B4 /* Release */ = {
			isa = XCBuildConfiguration;
			buildSettings = {
				ASSETCATALOG_COMPILER_APPICON_NAME = AppIcon;
				ASSETCATALOG_COMPILER_GLOBAL_ACCENT_COLOR_NAME = AccentColor;
				CODE_SIGN_STYLE = Automatic;
				CURRENT_PROJECT_VERSION = 1;
				GENERATE_INFOPLIST_FILE = YES;
				INFOPLIST_FILE = CustomXibLesson/Info.plist;
				INFOPLIST_KEY_UIApplicationSupportsIndirectInputEvents = YES;
				INFOPLIST_KEY_UILaunchStoryboardName = LaunchScreen;
				INFOPLIST_KEY_UIMainStoryboardFile = "";
				INFOPLIST_KEY_UISupportedInterfaceOrientations_iPad = "UIInterfaceOrientationPortrait UIInterfaceOrientationPortraitUpsideDown UIInterfaceOrientationLandscapeLeft UIInterfaceOrientationLandscapeRight";
				INFOPLIST_KEY_UISupportedInterfaceOrientations_iPhone = "UIInterfaceOrientationPortrait UIInterfaceOrientationLandscapeLeft UIInterfaceOrientationLandscapeRight";
				LD_RUNPATH_SEARCH_PATHS = (
					"$(inherited)",
					"@executable_path/Frameworks",
				);
				MARKETING_VERSION = 1.0;
				PRODUCT_BUNDLE_IDENTIFIER = com.azimjon.CustomXibLesson;
				PRODUCT_NAME = "$(TARGET_NAME)";
				SWIFT_EMIT_LOC_STRINGS = YES;
				SWIFT_VERSION = 5.0;
				TARGETED_DEVICE_FAMILY = "1,2";
			};
			name = Release;
		};
/* End XCBuildConfiguration section */

/* Begin XCConfigurationList section */
		CA30ED4528DDC71B007030B4 /* Build configuration list for PBXProject "CustomXibLesson" */ = {
			isa = XCConfigurationList;
			buildConfigurations = (
				CA30ED5C28DDC71B007030B4 /* Debug */,
				CA30ED5D28DDC71B007030B4 /* Release */,
			);
			defaultConfigurationIsVisible = 0;
			defaultConfigurationName = Release;
		};
		CA30ED5E28DDC71B007030B4 /* Build configuration list for PBXNativeTarget "CustomXibLesson" */ = {
			isa = XCConfigurationList;
			buildConfigurations = (
				CA30ED5F28DDC71B007030B4 /* Debug */,
				CA30ED6028DDC71B007030B4 /* Release */,
			);
			defaultConfigurationIsVisible = 0;
			defaultConfigurationName = Release;
		};
/* End XCConfigurationList section */
	};
	rootObject = CA30ED4228DDC71B007030B4 /* Project object */;
}
