// !$*UTF8*$!
{
	archiveVersion = 1;
	classes = {
	};
	objectVersion = 56;
	objects = {

/* Begin PBXBuildFile section */
		CA7E90E728E6BF3400149D23 /* UserDetailVC.swift in Sources */ = {isa = PBXBuildFile; fileRef = CA7E90E528E6BF3400149D23 /* UserDetailVC.swift */; };
		CA7E90E828E6BF3400149D23 /* UserDetailVC.xib in Resources */ = {isa = PBXBuildFile; fileRef = CA7E90E628E6BF3400149D23 /* UserDetailVC.xib */; };
		CA84DDF828E6ACF3009C844D /* AppDelegate.swift in Sources */ = {isa = PBXBuildFile; fileRef = CA84DDF728E6ACF3009C844D /* AppDelegate.swift */; };
		CA84DE0128E6ACF4009C844D /* Assets.xcassets in Resources */ = {isa = PBXBuildFile; fileRef = CA84DE0028E6ACF4009C844D /* Assets.xcassets */; };
		CA84DE0428E6ACF4009C844D /* LaunchScreen.storyboard in Resources */ = {isa = PBXBuildFile; fileRef = CA84DE0228E6ACF4009C844D /* LaunchScreen.storyboard */; };
		CA84DE1028E6AD3A009C844D /* HomeVC.swift in Sources */ = {isa = PBXBuildFile; fileRef = CA84DE0E28E6AD3A009C844D /* HomeVC.swift */; };
		CA84DE1128E6AD3A009C844D /* HomeVC.xib in Resources */ = {isa = PBXBuildFile; fileRef = CA84DE0F28E6AD3A009C844D /* HomeVC.xib */; };
		CA84DE1628E6AE3E009C844D /* UsersTableViewCell.swift in Sources */ = {isa = PBXBuildFile; fileRef = CA84DE1428E6AE3E009C844D /* UsersTableViewCell.swift */; };
		CA84DE1728E6AE3E009C844D /* UsersTableViewCell.xib in Resources */ = {isa = PBXBuildFile; fileRef = CA84DE1528E6AE3E009C844D /* UsersTableViewCell.xib */; };
/* End PBXBuildFile section */

/* Begin PBXFileReference section */
		CA7E90E528E6BF3400149D23 /* UserDetailVC.swift */ = {isa = PBXFileReference; lastKnownFileType = sourcecode.swift; path = UserDetailVC.swift; sourceTree = "<group>"; };
		CA7E90E628E6BF3400149D23 /* UserDetailVC.xib */ = {isa = PBXFileReference; lastKnownFileType = file.xib; path = UserDetailVC.xib; sourceTree = "<group>"; };
		CA84DDF428E6ACF3009C844D /* CustomTableView.app */ = {isa = PBXFileReference; explicitFileType = wrapper.application; includeInIndex = 0; path = CustomTableView.app; sourceTree = BUILT_PRODUCTS_DIR; };
		CA84DDF728E6ACF3009C844D /* AppDelegate.swift */ = {isa = PBXFileReference; lastKnownFileType = sourcecode.swift; path = AppDelegate.swift; sourceTree = "<group>"; };
		CA84DE0028E6ACF4009C844D /* Assets.xcassets */ = {isa = PBXFileReference; lastKnownFileType = folder.assetcatalog; path = Assets.xcassets; sourceTree = "<group>"; };
		CA84DE0328E6ACF4009C844D /* Base */ = {isa = PBXFileReference; lastKnownFileType = file.storyboard; name = Base; path = Base.lproj/LaunchScreen.storyboard; sourceTree = "<group>"; };
		CA84DE0528E6ACF4009C844D /* Info.plist */ = {isa = PBXFileReference; lastKnownFileType = text.plist.xml; path = Info.plist; sourceTree = "<group>"; };
		CA84DE0E28E6AD3A009C844D /* HomeVC.swift */ = {isa = PBXFileReference; lastKnownFileType = sourcecode.swift; path = HomeVC.swift; sourceTree = "<group>"; };
		CA84DE0F28E6AD3A009C844D /* HomeVC.xib */ = {isa = PBXFileReference; lastKnownFileType = file.xib; path = HomeVC.xib; sourceTree = "<group>"; };
		CA84DE1428E6AE3E009C844D /* UsersTableViewCell.swift */ = {isa = PBXFileReference; lastKnownFileType = sourcecode.swift; path = UsersTableViewCell.swift; sourceTree = "<group>"; };
		CA84DE1528E6AE3E009C844D /* UsersTableViewCell.xib */ = {isa = PBXFileReference; lastKnownFileType = file.xib; path = UsersTableViewCell.xib; sourceTree = "<group>"; };
/* End PBXFileReference section */

/* Begin PBXFrameworksBuildPhase section */
		CA84DDF128E6ACF3009C844D /* Frameworks */ = {
			isa = PBXFrameworksBuildPhase;
			buildActionMask = 2147483647;
			files = (
			);
			runOnlyForDeploymentPostprocessing = 0;
		};
/* End PBXFrameworksBuildPhase section */

/* Begin PBXGroup section */
		CA84DDEB28E6ACF3009C844D = {
			isa = PBXGroup;
			children = (
				CA84DDF628E6ACF3009C844D /* CustomTableView */,
				CA84DDF528E6ACF3009C844D /* Products */,
			);
			sourceTree = "<group>";
		};
		CA84DDF528E6ACF3009C844D /* Products */ = {
			isa = PBXGroup;
			children = (
				CA84DDF428E6ACF3009C844D /* CustomTableView.app */,
			);
			name = Products;
			sourceTree = "<group>";
		};
		CA84DDF628E6ACF3009C844D /* CustomTableView */ = {
			isa = PBXGroup;
			children = (
				CA84DE1228E6AD4C009C844D /* Support */,
				CA84DE0D28E6AD1F009C844D /* Protocol */,
				CA84DE0C28E6AD16009C844D /* Views */,
				CA84DE0B28E6AD0A009C844D /* Controllers */,
				CA84DE0028E6ACF4009C844D /* Assets.xcassets */,
				CA84DE0228E6ACF4009C844D /* LaunchScreen.storyboard */,
				CA84DE0528E6ACF4009C844D /* Info.plist */,
			);
			path = CustomTableView;
			sourceTree = "<group>";
		};
		CA84DE0B28E6AD0A009C844D /* Controllers */ = {
			isa = PBXGroup;
			children = (
				CA84DE0E28E6AD3A009C844D /* HomeVC.swift */,
			);
			path = Controllers;
			sourceTree = "<group>";
		};
		CA84DE0C28E6AD16009C844D /* Views */ = {
			isa = PBXGroup;
			children = (
				CA84DE1328E6ADF4009C844D /* Users */,
				CA84DE0F28E6AD3A009C844D /* HomeVC.xib */,
			);
			path = Views;
			sourceTree = "<group>";
		};
		CA84DE0D28E6AD1F009C844D /* Protocol */ = {
			isa = PBXGroup;
			children = (
			);
			path = Protocol;
			sourceTree = "<group>";
		};
		CA84DE1228E6AD4C009C844D /* Support */ = {
			isa = PBXGroup;
			children = (
				CA84DDF728E6ACF3009C844D /* AppDelegate.swift */,
			);
			path = Support;
			sourceTree = "<group>";
		};
		CA84DE1328E6ADF4009C844D /* Users */ = {
			isa = PBXGroup;
			children = (
				CA84DE1428E6AE3E009C844D /* UsersTableViewCell.swift */,
				CA84DE1528E6AE3E009C844D /* UsersTableViewCell.xib */,
				CA7E90E528E6BF3400149D23 /* UserDetailVC.swift */,
				CA7E90E628E6BF3400149D23 /* UserDetailVC.xib */,
			);
			path = Users;
			sourceTree = "<group>";
		};
/* End PBXGroup section */

/* Begin PBXNativeTarget section */
		CA84DDF328E6ACF3009C844D /* CustomTableView */ = {
			isa = PBXNativeTarget;
			buildConfigurationList = CA84DE0828E6ACF4009C844D /* Build configuration list for PBXNativeTarget "CustomTableView" */;
			buildPhases = (
				CA84DDF028E6ACF3009C844D /* Sources */,
				CA84DDF128E6ACF3009C844D /* Frameworks */,
				CA84DDF228E6ACF3009C844D /* Resources */,
			);
			buildRules = (
			);
			dependencies = (
			);
			name = CustomTableView;
			productName = CustomTableView;
			productReference = CA84DDF428E6ACF3009C844D /* CustomTableView.app */;
			productType = "com.apple.product-type.application";
		};
/* End PBXNativeTarget section */

/* Begin PBXProject section */
		CA84DDEC28E6ACF3009C844D /* Project object */ = {
			isa = PBXProject;
			attributes = {
				BuildIndependentTargetsInParallel = 1;
				LastSwiftUpdateCheck = 1400;
				LastUpgradeCheck = 1400;
				TargetAttributes = {
					CA84DDF328E6ACF3009C844D = {
						CreatedOnToolsVersion = 14.0.1;
					};
				};
			};
			buildConfigurationList = CA84DDEF28E6ACF3009C844D /* Build configuration list for PBXProject "CustomTableView" */;
			compatibilityVersion = "Xcode 14.0";
			developmentRegion = en;
			hasScannedForEncodings = 0;
			knownRegions = (
				en,
				Base,
			);
			mainGroup = CA84DDEB28E6ACF3009C844D;
			productRefGroup = CA84DDF528E6ACF3009C844D /* Products */;
			projectDirPath = "";
			projectRoot = "";
			targets = (
				CA84DDF328E6ACF3009C844D /* CustomTableView */,
			);
		};
/* End PBXProject section */

/* Begin PBXResourcesBuildPhase section */
		CA84DDF228E6ACF3009C844D /* Resources */ = {
			isa = PBXResourcesBuildPhase;
			buildActionMask = 2147483647;
			files = (
				CA84DE1728E6AE3E009C844D /* UsersTableViewCell.xib in Resources */,
				CA7E90E828E6BF3400149D23 /* UserDetailVC.xib in Resources */,
				CA84DE0428E6ACF4009C844D /* LaunchScreen.storyboard in Resources */,
				CA84DE1128E6AD3A009C844D /* HomeVC.xib in Resources */,
				CA84DE0128E6ACF4009C844D /* Assets.xcassets in Resources */,
			);
			runOnlyForDeploymentPostprocessing = 0;
		};
/* End PBXResourcesBuildPhase section */

/* Begin PBXSourcesBuildPhase section */
		CA84DDF028E6ACF3009C844D /* Sources */ = {
			isa = PBXSourcesBuildPhase;
			buildActionMask = 2147483647;
			files = (
				CA7E90E728E6BF3400149D23 /* UserDetailVC.swift in Sources */,
				CA84DDF828E6ACF3009C844D /* AppDelegate.swift in Sources */,
				CA84DE1628E6AE3E009C844D /* UsersTableViewCell.swift in Sources */,
				CA84DE1028E6AD3A009C844D /* HomeVC.swift in Sources */,
			);
			runOnlyForDeploymentPostprocessing = 0;
		};
/* End PBXSourcesBuildPhase section */

/* Begin PBXVariantGroup section */
		CA84DE0228E6ACF4009C844D /* LaunchScreen.storyboard */ = {
			isa = PBXVariantGroup;
			children = (
				CA84DE0328E6ACF4009C844D /* Base */,
			);
			name = LaunchScreen.storyboard;
			sourceTree = "<group>";
		};
/* End PBXVariantGroup section */

/* Begin XCBuildConfiguration section */
		CA84DE0628E6ACF4009C844D /* Debug */ = {
			isa = XCBuildConfiguration;
			buildSettings = {
				ALWAYS_SEARCH_USER_PATHS = NO;
				CLANG_ANALYZER_NONNULL = YES;
				CLANG_ANALYZER_NUMBER_OBJECT_CONVERSION = YES_AGGRESSIVE;
				CLANG_CXX_LANGUAGE_STANDARD = "gnu++20";
				CLANG_ENABLE_MODULES = YES;
				CLANG_ENABLE_OBJC_ARC = YES;
				CLANG_ENABLE_OBJC_WEAK = YES;
				CLANG_WARN_BLOCK_CAPTURE_AUTORELEASING = YES;
				CLANG_WARN_BOOL_CONVERSION = YES;
				CLANG_WARN_COMMA = YES;
				CLANG_WARN_CONSTANT_CONVERSION = YES;
				CLANG_WARN_DEPRECATED_OBJC_IMPLEMENTATIONS = YES;
				CLANG_WARN_DIRECT_OBJC_ISA_USAGE = YES_ERROR;
				CLANG_WARN_DOCUMENTATION_COMMENTS = YES;
				CLANG_WARN_EMPTY_BODY = YES;
				CLANG_WARN_ENUM_CONVERSION = YES;
				CLANG_WARN_INFINITE_RECURSION = YES;
				CLANG_WARN_INT_CONVERSION = YES;
				CLANG_WARN_NON_LITERAL_NULL_CONVERSION = YES;
				CLANG_WARN_OBJC_IMPLICIT_RETAIN_SELF = YES;
				CLANG_WARN_OBJC_LITERAL_CONVERSION = YES;
				CLANG_WARN_OBJC_ROOT_CLASS = YES_ERROR;
				CLANG_WARN_QUOTED_INCLUDE_IN_FRAMEWORK_HEADER = YES;
				CLANG_WARN_RANGE_LOOP_ANALYSIS = YES;
				CLANG_WARN_STRICT_PROTOTYPES = YES;
				CLANG_WARN_SUSPICIOUS_MOVE = YES;
				CLANG_WARN_UNGUARDED_AVAILABILITY = YES_AGGRESSIVE;
				CLANG_WARN_UNREACHABLE_CODE = YES;
				CLANG_WARN__DUPLICATE_METHOD_MATCH = YES;
				COPY_PHASE_STRIP = NO;
				DEBUG_INFORMATION_FORMAT = dwarf;
				ENABLE_STRICT_OBJC_MSGSEND = YES;
				ENABLE_TESTABILITY = YES;
				GCC_C_LANGUAGE_STANDARD = gnu11;
				GCC_DYNAMIC_NO_PIC = NO;
				GCC_NO_COMMON_BLOCKS = YES;
				GCC_OPTIMIZATION_LEVEL = 0;
				GCC_PREPROCESSOR_DEFINITIONS = (
					"DEBUG=1",
					"$(inherited)",
				);
				GCC_WARN_64_TO_32_BIT_CONVERSION = YES;
				GCC_WARN_ABOUT_RETURN_TYPE = YES_ERROR;
				GCC_WARN_UNDECLARED_SELECTOR = YES;
				GCC_WARN_UNINITIALIZED_AUTOS = YES_AGGRESSIVE;
				GCC_WARN_UNUSED_FUNCTION = YES;
				GCC_WARN_UNUSED_VARIABLE = YES;
				IPHONEOS_DEPLOYMENT_TARGET = 16.0;
				MTL_ENABLE_DEBUG_INFO = INCLUDE_SOURCE;
				MTL_FAST_MATH = YES;
				ONLY_ACTIVE_ARCH = YES;
				SDKROOT = iphoneos;
				SWIFT_ACTIVE_COMPILATION_CONDITIONS = DEBUG;
				SWIFT_OPTIMIZATION_LEVEL = "-Onone";
			};
			name = Debug;
		};
		CA84DE0728E6ACF4009C844D /* Release */ = {
			isa = XCBuildConfiguration;
			buildSettings = {
				ALWAYS_SEARCH_USER_PATHS = NO;
				CLANG_ANALYZER_NONNULL = YES;
				CLANG_ANALYZER_NUMBER_OBJECT_CONVERSION = YES_AGGRESSIVE;
				CLANG_CXX_LANGUAGE_STANDARD = "gnu++20";
				CLANG_ENABLE_MODULES = YES;
				CLANG_ENABLE_OBJC_ARC = YES;
				CLANG_ENABLE_OBJC_WEAK = YES;
				CLANG_WARN_BLOCK_CAPTURE_AUTORELEASING = YES;
				CLANG_WARN_BOOL_CONVERSION = YES;
				CLANG_WARN_COMMA = YES;
				CLANG_WARN_CONSTANT_CONVERSION = YES;
				CLANG_WARN_DEPRECATED_OBJC_IMPLEMENTATIONS = YES;
				CLANG_WARN_DIRECT_OBJC_ISA_USAGE = YES_ERROR;
				CLANG_WARN_DOCUMENTATION_COMMENTS = YES;
				CLANG_WARN_EMPTY_BODY = YES;
				CLANG_WARN_ENUM_CONVERSION = YES;
				CLANG_WARN_INFINITE_RECURSION = YES;
				CLANG_WARN_INT_CONVERSION = YES;
				CLANG_WARN_NON_LITERAL_NULL_CONVERSION = YES;
				CLANG_WARN_OBJC_IMPLICIT_RETAIN_SELF = YES;
				CLANG_WARN_OBJC_LITERAL_CONVERSION = YES;
				CLANG_WARN_OBJC_ROOT_CLASS = YES_ERROR;
				CLANG_WARN_QUOTED_INCLUDE_IN_FRAMEWORK_HEADER = YES;
				CLANG_WARN_RANGE_LOOP_ANALYSIS = YES;
				CLANG_WARN_STRICT_PROTOTYPES = YES;
				CLANG_WARN_SUSPICIOUS_MOVE = YES;
				CLANG_WARN_UNGUARDED_AVAILABILITY = YES_AGGRESSIVE;
				CLANG_WARN_UNREACHABLE_CODE = YES;
				CLANG_WARN__DUPLICATE_METHOD_MATCH = YES;
				COPY_PHASE_STRIP = NO;
				DEBUG_INFORMATION_FORMAT = "dwarf-with-dsym";
				ENABLE_NS_ASSERTIONS = NO;
				ENABLE_STRICT_OBJC_MSGSEND = YES;
				GCC_C_LANGUAGE_STANDARD = gnu11;
				GCC_NO_COMMON_BLOCKS = YES;
				GCC_WARN_64_TO_32_BIT_CONVERSION = YES;
				GCC_WARN_ABOUT_RETURN_TYPE = YES_ERROR;
				GCC_WARN_UNDECLARED_SELECTOR = YES;
				GCC_WARN_UNINITIALIZED_AUTOS = YES_AGGRESSIVE;
				GCC_WARN_UNUSED_FUNCTION = YES;
				GCC_WARN_UNUSED_VARIABLE = YES;
				IPHONEOS_DEPLOYMENT_TARGET = 16.0;
				MTL_ENABLE_DEBUG_INFO = NO;
				MTL_FAST_MATH = YES;
				SDKROOT = iphoneos;
				SWIFT_COMPILATION_MODE = wholemodule;
				SWIFT_OPTIMIZATION_LEVEL = "-O";
				VALIDATE_PRODUCT = YES;
			};
			name = Release;
		};
		CA84DE0928E6ACF4009C844D /* Debug */ = {
			isa = XCBuildConfiguration;
			buildSettings = {
				ASSETCATALOG_COMPILER_APPICON_NAME = AppIcon;
				ASSETCATALOG_COMPILER_GLOBAL_ACCENT_COLOR_NAME = AccentColor;
				CODE_SIGN_STYLE = Automatic;
				CURRENT_PROJECT_VERSION = 1;
				GENERATE_INFOPLIST_FILE = YES;
				INFOPLIST_FILE = CustomTableView/Info.plist;
				INFOPLIST_KEY_UIApplicationSupportsIndirectInputEvents = YES;
				INFOPLIST_KEY_UILaunchStoryboardName = LaunchScreen;
				INFOPLIST_KEY_UIMainStoryboardFile = "";
				INFOPLIST_KEY_UISupportedInterfaceOrientations_iPad = "UIInterfaceOrientationPortrait UIInterfaceOrientationPortraitUpsideDown UIInterfaceOrientationLandscapeLeft UIInterfaceOrientationLandscapeRight";
				INFOPLIST_KEY_UISupportedInterfaceOrientations_iPhone = "UIInterfaceOrientationPortrait UIInterfaceOrientationLandscapeLeft UIInterfaceOrientationLandscapeRight";
				LD_RUNPATH_SEARCH_PATHS = (
					"$(inherited)",
					"@executable_path/Frameworks",
				);
				MARKETING_VERSION = 1.0;
				PRODUCT_BUNDLE_IDENTIFIER = com.azimjon.CustomTableView;
				PRODUCT_NAME = "$(TARGET_NAME)";
				SWIFT_EMIT_LOC_STRINGS = YES;
				SWIFT_VERSION = 5.0;
				TARGETED_DEVICE_FAMILY = "1,2";
			};
			name = Debug;
		};
		CA84DE0A28E6ACF4009C844D /* Release */ = {
			isa = XCBuildConfiguration;
			buildSettings = {
				ASSETCATALOG_COMPILER_APPICON_NAME = AppIcon;
				ASSETCATALOG_COMPILER_GLOBAL_ACCENT_COLOR_NAME = AccentColor;
				CODE_SIGN_STYLE = Automatic;
				CURRENT_PROJECT_VERSION = 1;
				GENERATE_INFOPLIST_FILE = YES;
				INFOPLIST_FILE = CustomTableView/Info.plist;
				INFOPLIST_KEY_UIApplicationSupportsIndirectInputEvents = YES;
				INFOPLIST_KEY_UILaunchStoryboardName = LaunchScreen;
				INFOPLIST_KEY_UIMainStoryboardFile = "";
				INFOPLIST_KEY_UISupportedInterfaceOrientations_iPad = "UIInterfaceOrientationPortrait UIInterfaceOrientationPortraitUpsideDown UIInterfaceOrientationLandscapeLeft UIInterfaceOrientationLandscapeRight";
				INFOPLIST_KEY_UISupportedInterfaceOrientations_iPhone = "UIInterfaceOrientationPortrait UIInterfaceOrientationLandscapeLeft UIInterfaceOrientationLandscapeRight";
				LD_RUNPATH_SEARCH_PATHS = (
					"$(inherited)",
					"@executable_path/Frameworks",
				);
				MARKETING_VERSION = 1.0;
				PRODUCT_BUNDLE_IDENTIFIER = com.azimjon.CustomTableView;
				PRODUCT_NAME = "$(TARGET_NAME)";
				SWIFT_EMIT_LOC_STRINGS = YES;
				SWIFT_VERSION = 5.0;
				TARGETED_DEVICE_FAMILY = "1,2";
			};
			name = Release;
		};
/* End XCBuildConfiguration section */

/* Begin XCConfigurationList section */
		CA84DDEF28E6ACF3009C844D /* Build configuration list for PBXProject "CustomTableView" */ = {
			isa = XCConfigurationList;
			buildConfigurations = (
				CA84DE0628E6ACF4009C844D /* Debug */,
				CA84DE0728E6ACF4009C844D /* Release */,
			);
			defaultConfigurationIsVisible = 0;
			defaultConfigurationName = Release;
		};
		CA84DE0828E6ACF4009C844D /* Build configuration list for PBXNativeTarget "CustomTableView" */ = {
			isa = XCConfigurationList;
			buildConfigurations = (
				CA84DE0928E6ACF4009C844D /* Debug */,
				CA84DE0A28E6ACF4009C844D /* Release */,
			);
			defaultConfigurationIsVisible = 0;
			defaultConfigurationName = Release;
		};
/* End XCConfigurationList section */
	};
	rootObject = CA84DDEC28E6ACF3009C844D /* Project object */;
}
