// !$*UTF8*$!
{
	archiveVersion = 1;
	classes = {
	};
	objectVersion = 56;
	objects = {

/* Begin PBXBuildFile section */
		CABC743728D9E3DE00442F78 /* AppDelegate.swift in Sources */ = {isa = PBXBuildFile; fileRef = CABC743628D9E3DE00442F78 /* AppDelegate.swift */; };
		CABC743928D9E3DE00442F78 /* SceneDelegate.swift in Sources */ = {isa = PBXBuildFile; fileRef = CABC743828D9E3DE00442F78 /* SceneDelegate.swift */; };
		CABC743E28D9E3DE00442F78 /* Main.storyboard in Resources */ = {isa = PBXBuildFile; fileRef = CABC743C28D9E3DE00442F78 /* Main.storyboard */; };
		CABC744028D9E3DF00442F78 /* Assets.xcassets in Resources */ = {isa = PBXBuildFile; fileRef = CABC743F28D9E3DF00442F78 /* Assets.xcassets */; };
		CABC744328D9E3DF00442F78 /* LaunchScreen.storyboard in Resources */ = {isa = PBXBuildFile; fileRef = CABC744128D9E3DF00442F78 /* LaunchScreen.storyboard */; };
		CABC744C28D9E58D00442F78 /* FeaturedViewController.swift in Sources */ = {isa = PBXBuildFile; fileRef = CABC744B28D9E58D00442F78 /* FeaturedViewController.swift */; };
		CABC744E28D9E61A00442F78 /* RecentsViewController.swift in Sources */ = {isa = PBXBuildFile; fileRef = CABC744D28D9E61A00442F78 /* RecentsViewController.swift */; };
		CABC745028D9E62D00442F78 /* ContactsViewController.swift in Sources */ = {isa = PBXBuildFile; fileRef = CABC744F28D9E62D00442F78 /* ContactsViewController.swift */; };
		CABC745228D9E64000442F78 /* DownloadsViewController.swift in Sources */ = {isa = PBXBuildFile; fileRef = CABC745128D9E64000442F78 /* DownloadsViewController.swift */; };
/* End PBXBuildFile section */

/* Begin PBXFileReference section */
		CABC743328D9E3DE00442F78 /* TapBarController.app */ = {isa = PBXFileReference; explicitFileType = wrapper.application; includeInIndex = 0; path = TapBarController.app; sourceTree = BUILT_PRODUCTS_DIR; };
		CABC743628D9E3DE00442F78 /* AppDelegate.swift */ = {isa = PBXFileReference; lastKnownFileType = sourcecode.swift; path = AppDelegate.swift; sourceTree = "<group>"; };
		CABC743828D9E3DE00442F78 /* SceneDelegate.swift */ = {isa = PBXFileReference; lastKnownFileType = sourcecode.swift; path = SceneDelegate.swift; sourceTree = "<group>"; };
		CABC743D28D9E3DE00442F78 /* Base */ = {isa = PBXFileReference; lastKnownFileType = file.storyboard; name = Base; path = Base.lproj/Main.storyboard; sourceTree = "<group>"; };
		CABC743F28D9E3DF00442F78 /* Assets.xcassets */ = {isa = PBXFileReference; lastKnownFileType = folder.assetcatalog; path = Assets.xcassets; sourceTree = "<group>"; };
		CABC744228D9E3DF00442F78 /* Base */ = {isa = PBXFileReference; lastKnownFileType = file.storyboard; name = Base; path = Base.lproj/LaunchScreen.storyboard; sourceTree = "<group>"; };
		CABC744428D9E3DF00442F78 /* Info.plist */ = {isa = PBXFileReference; lastKnownFileType = text.plist.xml; path = Info.plist; sourceTree = "<group>"; };
		CABC744B28D9E58D00442F78 /* FeaturedViewController.swift */ = {isa = PBXFileReference; lastKnownFileType = sourcecode.swift; path = FeaturedViewController.swift; sourceTree = "<group>"; };
		CABC744D28D9E61A00442F78 /* RecentsViewController.swift */ = {isa = PBXFileReference; lastKnownFileType = sourcecode.swift; path = RecentsViewController.swift; sourceTree = "<group>"; };
		CABC744F28D9E62D00442F78 /* ContactsViewController.swift */ = {isa = PBXFileReference; lastKnownFileType = sourcecode.swift; path = ContactsViewController.swift; sourceTree = "<group>"; };
		CABC745128D9E64000442F78 /* DownloadsViewController.swift */ = {isa = PBXFileReference; lastKnownFileType = sourcecode.swift; path = DownloadsViewController.swift; sourceTree = "<group>"; };
/* End PBXFileReference section */

/* Begin PBXFrameworksBuildPhase section */
		CABC743028D9E3DE00442F78 /* Frameworks */ = {
			isa = PBXFrameworksBuildPhase;
			buildActionMask = 2147483647;
			files = (
			);
			runOnlyForDeploymentPostprocessing = 0;
		};
/* End PBXFrameworksBuildPhase section */

/* Begin PBXGroup section */
		CABC742A28D9E3DE00442F78 = {
			isa = PBXGroup;
			children = (
				CABC743528D9E3DE00442F78 /* TapBarController */,
				CABC743428D9E3DE00442F78 /* Products */,
			);
			sourceTree = "<group>";
		};
		CABC743428D9E3DE00442F78 /* Products */ = {
			isa = PBXGroup;
			children = (
				CABC743328D9E3DE00442F78 /* TapBarController.app */,
			);
			name = Products;
			sourceTree = "<group>";
		};
		CABC743528D9E3DE00442F78 /* TapBarController */ = {
			isa = PBXGroup;
			children = (
				CABC744A28D9E57000442F78 /* Controllers */,
				CABC743628D9E3DE00442F78 /* AppDelegate.swift */,
				CABC743828D9E3DE00442F78 /* SceneDelegate.swift */,
				CABC743C28D9E3DE00442F78 /* Main.storyboard */,
				CABC743F28D9E3DF00442F78 /* Assets.xcassets */,
				CABC744128D9E3DF00442F78 /* LaunchScreen.storyboard */,
				CABC744428D9E3DF00442F78 /* Info.plist */,
			);
			path = TapBarController;
			sourceTree = "<group>";
		};
		CABC744A28D9E57000442F78 /* Controllers */ = {
			isa = PBXGroup;
			children = (
				CABC744B28D9E58D00442F78 /* FeaturedViewController.swift */,
				CABC744D28D9E61A00442F78 /* RecentsViewController.swift */,
				CABC744F28D9E62D00442F78 /* ContactsViewController.swift */,
				CABC745128D9E64000442F78 /* DownloadsViewController.swift */,
			);
			path = Controllers;
			sourceTree = "<group>";
		};
/* End PBXGroup section */

/* Begin PBXNativeTarget section */
		CABC743228D9E3DE00442F78 /* TapBarController */ = {
			isa = PBXNativeTarget;
			buildConfigurationList = CABC744728D9E3DF00442F78 /* Build configuration list for PBXNativeTarget "TapBarController" */;
			buildPhases = (
				CABC742F28D9E3DE00442F78 /* Sources */,
				CABC743028D9E3DE00442F78 /* Frameworks */,
				CABC743128D9E3DE00442F78 /* Resources */,
			);
			buildRules = (
			);
			dependencies = (
			);
			name = TapBarController;
			productName = TapBarController;
			productReference = CABC743328D9E3DE00442F78 /* TapBarController.app */;
			productType = "com.apple.product-type.application";
		};
/* End PBXNativeTarget section */

/* Begin PBXProject section */
		CABC742B28D9E3DE00442F78 /* Project object */ = {
			isa = PBXProject;
			attributes = {
				BuildIndependentTargetsInParallel = 1;
				LastSwiftUpdateCheck = 1400;
				LastUpgradeCheck = 1400;
				TargetAttributes = {
					CABC743228D9E3DE00442F78 = {
						CreatedOnToolsVersion = 14.0;
					};
				};
			};
			buildConfigurationList = CABC742E28D9E3DE00442F78 /* Build configuration list for PBXProject "TapBarController" */;
			compatibilityVersion = "Xcode 14.0";
			developmentRegion = en;
			hasScannedForEncodings = 0;
			knownRegions = (
				en,
				Base,
			);
			mainGroup = CABC742A28D9E3DE00442F78;
			productRefGroup = CABC743428D9E3DE00442F78 /* Products */;
			projectDirPath = "";
			projectRoot = "";
			targets = (
				CABC743228D9E3DE00442F78 /* TapBarController */,
			);
		};
/* End PBXProject section */

/* Begin PBXResourcesBuildPhase section */
		CABC743128D9E3DE00442F78 /* Resources */ = {
			isa = PBXResourcesBuildPhase;
			buildActionMask = 2147483647;
			files = (
				CABC744328D9E3DF00442F78 /* LaunchScreen.storyboard in Resources */,
				CABC744028D9E3DF00442F78 /* Assets.xcassets in Resources */,
				CABC743E28D9E3DE00442F78 /* Main.storyboard in Resources */,
			);
			runOnlyForDeploymentPostprocessing = 0;
		};
/* End PBXResourcesBuildPhase section */

/* Begin PBXSourcesBuildPhase section */
		CABC742F28D9E3DE00442F78 /* Sources */ = {
			isa = PBXSourcesBuildPhase;
			buildActionMask = 2147483647;
			files = (
				CABC744C28D9E58D00442F78 /* FeaturedViewController.swift in Sources */,
				CABC744E28D9E61A00442F78 /* RecentsViewController.swift in Sources */,
				CABC745228D9E64000442F78 /* DownloadsViewController.swift in Sources */,
				CABC743728D9E3DE00442F78 /* AppDelegate.swift in Sources */,
				CABC743928D9E3DE00442F78 /* SceneDelegate.swift in Sources */,
				CABC745028D9E62D00442F78 /* ContactsViewController.swift in Sources */,
			);
			runOnlyForDeploymentPostprocessing = 0;
		};
/* End PBXSourcesBuildPhase section */

/* Begin PBXVariantGroup section */
		CABC743C28D9E3DE00442F78 /* Main.storyboard */ = {
			isa = PBXVariantGroup;
			children = (
				CABC743D28D9E3DE00442F78 /* Base */,
			);
			name = Main.storyboard;
			sourceTree = "<group>";
		};
		CABC744128D9E3DF00442F78 /* LaunchScreen.storyboard */ = {
			isa = PBXVariantGroup;
			children = (
				CABC744228D9E3DF00442F78 /* Base */,
			);
			name = LaunchScreen.storyboard;
			sourceTree = "<group>";
		};
/* End PBXVariantGroup section */

/* Begin XCBuildConfiguration section */
		CABC744528D9E3DF00442F78 /* Debug */ = {
			isa = XCBuildConfiguration;
			buildSettings = {
				ALWAYS_SEARCH_USER_PATHS = NO;
				CLANG_ANALYZER_NONNULL = YES;
				CLANG_ANALYZER_NUMBER_OBJECT_CONVERSION = YES_AGGRESSIVE;
				CLANG_CXX_LANGUAGE_STANDARD = "gnu++20";
				CLANG_ENABLE_MODULES = YES;
				CLANG_ENABLE_OBJC_ARC = YES;
				CLANG_ENABLE_OBJC_WEAK = YES;
				CLANG_WARN_BLOCK_CAPTURE_AUTORELEASING = YES;
				CLANG_WARN_BOOL_CONVERSION = YES;
				CLANG_WARN_COMMA = YES;
				CLANG_WARN_CONSTANT_CONVERSION = YES;
				CLANG_WARN_DEPRECATED_OBJC_IMPLEMENTATIONS = YES;
				CLANG_WARN_DIRECT_OBJC_ISA_USAGE = YES_ERROR;
				CLANG_WARN_DOCUMENTATION_COMMENTS = YES;
				CLANG_WARN_EMPTY_BODY = YES;
				CLANG_WARN_ENUM_CONVERSION = YES;
				CLANG_WARN_INFINITE_RECURSION = YES;
				CLANG_WARN_INT_CONVERSION = YES;
				CLANG_WARN_NON_LITERAL_NULL_CONVERSION = YES;
				CLANG_WARN_OBJC_IMPLICIT_RETAIN_SELF = YES;
				CLANG_WARN_OBJC_LITERAL_CONVERSION = YES;
				CLANG_WARN_OBJC_ROOT_CLASS = YES_ERROR;
				CLANG_WARN_QUOTED_INCLUDE_IN_FRAMEWORK_HEADER = YES;
				CLANG_WARN_RANGE_LOOP_ANALYSIS = YES;
				CLANG_WARN_STRICT_PROTOTYPES = YES;
				CLANG_WARN_SUSPICIOUS_MOVE = YES;
				CLANG_WARN_UNGUARDED_AVAILABILITY = YES_AGGRESSIVE;
				CLANG_WARN_UNREACHABLE_CODE = YES;
				CLANG_WARN__DUPLICATE_METHOD_MATCH = YES;
				COPY_PHASE_STRIP = NO;
				DEBUG_INFORMATION_FORMAT = dwarf;
				ENABLE_STRICT_OBJC_MSGSEND = YES;
				ENABLE_TESTABILITY = YES;
				GCC_C_LANGUAGE_STANDARD = gnu11;
				GCC_DYNAMIC_NO_PIC = NO;
				GCC_NO_COMMON_BLOCKS = YES;
				GCC_OPTIMIZATION_LEVEL = 0;
				GCC_PREPROCESSOR_DEFINITIONS = (
					"DEBUG=1",
					"$(inherited)",
				);
				GCC_WARN_64_TO_32_BIT_CONVERSION = YES;
				GCC_WARN_ABOUT_RETURN_TYPE = YES_ERROR;
				GCC_WARN_UNDECLARED_SELECTOR = YES;
				GCC_WARN_UNINITIALIZED_AUTOS = YES_AGGRESSIVE;
				GCC_WARN_UNUSED_FUNCTION = YES;
				GCC_WARN_UNUSED_VARIABLE = YES;
				IPHONEOS_DEPLOYMENT_TARGET = 16.0;
				MTL_ENABLE_DEBUG_INFO = INCLUDE_SOURCE;
				MTL_FAST_MATH = YES;
				ONLY_ACTIVE_ARCH = YES;
				SDKROOT = iphoneos;
				SWIFT_ACTIVE_COMPILATION_CONDITIONS = DEBUG;
				SWIFT_OPTIMIZATION_LEVEL = "-Onone";
			};
			name = Debug;
		};
		CABC744628D9E3DF00442F78 /* Release */ = {
			isa = XCBuildConfiguration;
			buildSettings = {
				ALWAYS_SEARCH_USER_PATHS = NO;
				CLANG_ANALYZER_NONNULL = YES;
				CLANG_ANALYZER_NUMBER_OBJECT_CONVERSION = YES_AGGRESSIVE;
				CLANG_CXX_LANGUAGE_STANDARD = "gnu++20";
				CLANG_ENABLE_MODULES = YES;
				CLANG_ENABLE_OBJC_ARC = YES;
				CLANG_ENABLE_OBJC_WEAK = YES;
				CLANG_WARN_BLOCK_CAPTURE_AUTORELEASING = YES;
				CLANG_WARN_BOOL_CONVERSION = YES;
				CLANG_WARN_COMMA = YES;
				CLANG_WARN_CONSTANT_CONVERSION = YES;
				CLANG_WARN_DEPRECATED_OBJC_IMPLEMENTATIONS = YES;
				CLANG_WARN_DIRECT_OBJC_ISA_USAGE = YES_ERROR;
				CLANG_WARN_DOCUMENTATION_COMMENTS = YES;
				CLANG_WARN_EMPTY_BODY = YES;
				CLANG_WARN_ENUM_CONVERSION = YES;
				CLANG_WARN_INFINITE_RECURSION = YES;
				CLANG_WARN_INT_CONVERSION = YES;
				CLANG_WARN_NON_LITERAL_NULL_CONVERSION = YES;
				CLANG_WARN_OBJC_IMPLICIT_RETAIN_SELF = YES;
				CLANG_WARN_OBJC_LITERAL_CONVERSION = YES;
				CLANG_WARN_OBJC_ROOT_CLASS = YES_ERROR;
				CLANG_WARN_QUOTED_INCLUDE_IN_FRAMEWORK_HEADER = YES;
				CLANG_WARN_RANGE_LOOP_ANALYSIS = YES;
				CLANG_WARN_STRICT_PROTOTYPES = YES;
				CLANG_WARN_SUSPICIOUS_MOVE = YES;
				CLANG_WARN_UNGUARDED_AVAILABILITY = YES_AGGRESSIVE;
				CLANG_WARN_UNREACHABLE_CODE = YES;
				CLANG_WARN__DUPLICATE_METHOD_MATCH = YES;
				COPY_PHASE_STRIP = NO;
				DEBUG_INFORMATION_FORMAT = "dwarf-with-dsym";
				ENABLE_NS_ASSERTIONS = NO;
				ENABLE_STRICT_OBJC_MSGSEND = YES;
				GCC_C_LANGUAGE_STANDARD = gnu11;
				GCC_NO_COMMON_BLOCKS = YES;
				GCC_WARN_64_TO_32_BIT_CONVERSION = YES;
				GCC_WARN_ABOUT_RETURN_TYPE = YES_ERROR;
				GCC_WARN_UNDECLARED_SELECTOR = YES;
				GCC_WARN_UNINITIALIZED_AUTOS = YES_AGGRESSIVE;
				GCC_WARN_UNUSED_FUNCTION = YES;
				GCC_WARN_UNUSED_VARIABLE = YES;
				IPHONEOS_DEPLOYMENT_TARGET = 16.0;
				MTL_ENABLE_DEBUG_INFO = NO;
				MTL_FAST_MATH = YES;
				SDKROOT = iphoneos;
				SWIFT_COMPILATION_MODE = wholemodule;
				SWIFT_OPTIMIZATION_LEVEL = "-O";
				VALIDATE_PRODUCT = YES;
			};
			name = Release;
		};
		CABC744828D9E3DF00442F78 /* Debug */ = {
			isa = XCBuildConfiguration;
			buildSettings = {
				ASSETCATALOG_COMPILER_APPICON_NAME = AppIcon;
				ASSETCATALOG_COMPILER_GLOBAL_ACCENT_COLOR_NAME = AccentColor;
				CODE_SIGN_STYLE = Automatic;
				CURRENT_PROJECT_VERSION = 1;
				GENERATE_INFOPLIST_FILE = YES;
				INFOPLIST_FILE = TapBarController/Info.plist;
				INFOPLIST_KEY_UIApplicationSupportsIndirectInputEvents = YES;
				INFOPLIST_KEY_UILaunchStoryboardName = LaunchScreen;
				INFOPLIST_KEY_UIMainStoryboardFile = Main;
				INFOPLIST_KEY_UISupportedInterfaceOrientations_iPad = "UIInterfaceOrientationPortrait UIInterfaceOrientationPortraitUpsideDown UIInterfaceOrientationLandscapeLeft UIInterfaceOrientationLandscapeRight";
				INFOPLIST_KEY_UISupportedInterfaceOrientations_iPhone = "UIInterfaceOrientationPortrait UIInterfaceOrientationLandscapeLeft UIInterfaceOrientationLandscapeRight";
				LD_RUNPATH_SEARCH_PATHS = (
					"$(inherited)",
					"@executable_path/Frameworks",
				);
				MARKETING_VERSION = 1.0;
				PRODUCT_BUNDLE_IDENTIFIER = com.azimjon.TapBarController;
				PRODUCT_NAME = "$(TARGET_NAME)";
				SWIFT_EMIT_LOC_STRINGS = YES;
				SWIFT_VERSION = 5.0;
				TARGETED_DEVICE_FAMILY = "1,2";
			};
			name = Debug;
		};
		CABC744928D9E3DF00442F78 /* Release */ = {
			isa = XCBuildConfiguration;
			buildSettings = {
				ASSETCATALOG_COMPILER_APPICON_NAME = AppIcon;
				ASSETCATALOG_COMPILER_GLOBAL_ACCENT_COLOR_NAME = AccentColor;
				CODE_SIGN_STYLE = Automatic;
				CURRENT_PROJECT_VERSION = 1;
				GENERATE_INFOPLIST_FILE = YES;
				INFOPLIST_FILE = TapBarController/Info.plist;
				INFOPLIST_KEY_UIApplicationSupportsIndirectInputEvents = YES;
				INFOPLIST_KEY_UILaunchStoryboardName = LaunchScreen;
				INFOPLIST_KEY_UIMainStoryboardFile = Main;
				INFOPLIST_KEY_UISupportedInterfaceOrientations_iPad = "UIInterfaceOrientationPortrait UIInterfaceOrientationPortraitUpsideDown UIInterfaceOrientationLandscapeLeft UIInterfaceOrientationLandscapeRight";
				INFOPLIST_KEY_UISupportedInterfaceOrientations_iPhone = "UIInterfaceOrientationPortrait UIInterfaceOrientationLandscapeLeft UIInterfaceOrientationLandscapeRight";
				LD_RUNPATH_SEARCH_PATHS = (
					"$(inherited)",
					"@executable_path/Frameworks",
				);
				MARKETING_VERSION = 1.0;
				PRODUCT_BUNDLE_IDENTIFIER = com.azimjon.TapBarController;
				PRODUCT_NAME = "$(TARGET_NAME)";
				SWIFT_EMIT_LOC_STRINGS = YES;
				SWIFT_VERSION = 5.0;
				TARGETED_DEVICE_FAMILY = "1,2";
			};
			name = Release;
		};
/* End XCBuildConfiguration section */

/* Begin XCConfigurationList section */
		CABC742E28D9E3DE00442F78 /* Build configuration list for PBXProject "TapBarController" */ = {
			isa = XCConfigurationList;
			buildConfigurations = (
				CABC744528D9E3DF00442F78 /* Debug */,
				CABC744628D9E3DF00442F78 /* Release */,
			);
			defaultConfigurationIsVisible = 0;
			defaultConfigurationName = Release;
		};
		CABC744728D9E3DF00442F78 /* Build configuration list for PBXNativeTarget "TapBarController" */ = {
			isa = XCConfigurationList;
			buildConfigurations = (
				CABC744828D9E3DF00442F78 /* Debug */,
				CABC744928D9E3DF00442F78 /* Release */,
			);
			defaultConfigurationIsVisible = 0;
			defaultConfigurationName = Release;
		};
/* End XCConfigurationList section */
	};
	rootObject = CABC742B28D9E3DE00442F78 /* Project object */;
}
